Microsoft Visual Studio Solution File, Format Version 12.00
# Visual Studio Version 17
VisualStudioVersion = 17.5.2.0
MinimumVisualStudioVersion = 10.0.40219.1
Project("{FAE04EC0-301F-11D3-BF4B-00C04F79EFBC}") = "Game.Core", "Game.Core\Game.Core.csproj", "{2A292E97-5382-CF77-9315-47E602FDAD02}"
EndProject
Project("{FAE04EC0-301F-11D3-BF4B-00C04F79EFBC}") = "Game.Sim", "Game.Sim\Game.Sim.csproj", "{6D9C2ED8-34C2-F28B-8F58-AE21978FF068}"
EndProject
Global
	GlobalSection(SolutionConfigurationPlatforms) = preSolution
		Debug|Any CPU = Debug|Any CPU
		Release|Any CPU = Release|Any CPU
	EndGlobalSection
	GlobalSection(ProjectConfigurationPlatforms) = postSolution
		{2A292E97-5382-CF77-9315-47E602FDAD02}.Debug|Any CPU.ActiveCfg = Debug|Any CPU
		{2A292E97-5382-CF77-9315-47E602FDAD02}.Debug|Any CPU.Build.0 = Debug|Any CPU
		{2A292E97-5382-CF77-9315-47E602FDAD02}.Release|Any CPU.ActiveCfg = Release|Any CPU
		{2A292E97-5382-CF77-9315-47E602FDAD02}.Release|Any CPU.Build.0 = Release|Any CPU
		{6D9C2ED8-34C2-F28B-8F58-AE21978FF068}.Debug|Any CPU.ActiveCfg = Debug|Any CPU
		{6D9C2ED8-34C2-F28B-8F58-AE21978FF068}.Debug|Any CPU.Build.0 = Debug|Any CPU
		{6D9C2ED8-34C2-F28B-8F58-AE21978FF068}.Release|Any CPU.ActiveCfg = Release|Any CPU
		{6D9C2ED8-34C2-F28B-8F58-AE21978FF068}.Release|Any CPU.Build.0 = Release|Any CPU
	EndGlobalSection
	GlobalSection(SolutionProperties) = preSolution
		HideSolutionNode = FALSE
	EndGlobalSection
	GlobalSection(ExtensibilityGlobals) = postSolution
		SolutionGuid = {27A30FA7-04A4-4970-B861-5CF6BAA41178}
	EndGlobalSection
EndGlobal
